
Microsoft Visual Studio Solution File, Format Version 12.00
# Visual Studio Version 16
VisualStudioVersion = 16.0.30804.86
MinimumVisualStudioVersion = 10.0.40219.1
Project("{9A19103F-16F7-4668-BE54-9A1E7A4F7556}") = "TaskTrackerAPI", "TaskTracker\TaskTrackerAPI.csproj", "{0C825CF6-8EB2-42A6-B845-8091EEA4E296}"
EndProject
Project("{9A19103F-16F7-4668-BE54-9A1E7A4F7556}") = "Domain", "BusinessLogic\Domain.csproj", "{3E4207CE-6045-4E51-B9BB-1F03A0FD529A}"
EndProject
Project("{9A19103F-16F7-4668-BE54-9A1E7A4F7556}") = "DataAccess", "DataAccess\DataAccess.csproj", "{F1F038F4-587B-4B55-878A-7172E10185A4}"
EndProject
Global
	GlobalSection(SolutionConfigurationPlatforms) = preSolution
		Debug|Any CPU = Debug|Any CPU
		Release|Any CPU = Release|Any CPU
	EndGlobalSection
	GlobalSection(ProjectConfigurationPlatforms) = postSolution
		{0C825CF6-8EB2-42A6-B845-8091EEA4E296}.Debug|Any CPU.ActiveCfg = Debug|Any CPU
		{0C825CF6-8EB2-42A6-B845-8091EEA4E296}.Debug|Any CPU.Build.0 = Debug|Any CPU
		{0C825CF6-8EB2-42A6-B845-8091EEA4E296}.Release|Any CPU.ActiveCfg = Release|Any CPU
		{0C825CF6-8EB2-42A6-B845-8091EEA4E296}.Release|Any CPU.Build.0 = Release|Any CPU
		{3E4207CE-6045-4E51-B9BB-1F03A0FD529A}.Debug|Any CPU.ActiveCfg = Debug|Any CPU
		{3E4207CE-6045-4E51-B9BB-1F03A0FD529A}.Debug|Any CPU.Build.0 = Debug|Any CPU
		{3E4207CE-6045-4E51-B9BB-1F03A0FD529A}.Release|Any CPU.ActiveCfg = Release|Any CPU
		{3E4207CE-6045-4E51-B9BB-1F03A0FD529A}.Release|Any CPU.Build.0 = Release|Any CPU
		{F1F038F4-587B-4B55-878A-7172E10185A4}.Debug|Any CPU.ActiveCfg = Debug|Any CPU
		{F1F038F4-587B-4B55-878A-7172E10185A4}.Debug|Any CPU.Build.0 = Debug|Any CPU
		{F1F038F4-587B-4B55-878A-7172E10185A4}.Release|Any CPU.ActiveCfg = Release|Any CPU
		{F1F038F4-587B-4B55-878A-7172E10185A4}.Release|Any CPU.Build.0 = Release|Any CPU
	EndGlobalSection
	GlobalSection(SolutionProperties) = preSolution
		HideSolutionNode = FALSE
	EndGlobalSection
	GlobalSection(ExtensibilityGlobals) = postSolution
		SolutionGuid = {8F0DA722-4477-4CFB-AB8F-875D23C375C3}
	EndGlobalSection
EndGlobal
